// !$*UTF8*$!
{
	archiveVersion = 1;
	classes = {
	};
	objectVersion = 46;
	objects = {

/* Begin PBXBuildFile section */
		986727431CBB777800A5708A /* main.m in Sources */ = {isa = PBXBuildFile; fileRef = 986727421CBB777800A5708A /* main.m */; };
		986727461CBB777800A5708A /* AppDelegate.m in Sources */ = {isa = PBXBuildFile; fileRef = 986727451CBB777800A5708A /* AppDelegate.m */; };
		9867274C1CBB777800A5708A /* Main.storyboard in Resources */ = {isa = PBXBuildFile; fileRef = 9867274A1CBB777800A5708A /* Main.storyboard */; };
		9867274E1CBB777800A5708A /* Assets.xcassets in Resources */ = {isa = PBXBuildFile; fileRef = 9867274D1CBB777800A5708A /* Assets.xcassets */; };
		986727511CBB777800A5708A /* LaunchScreen.storyboard in Resources */ = {isa = PBXBuildFile; fileRef = 9867274F1CBB777800A5708A /* LaunchScreen.storyboard */; };
		9867277D1CBB81BC00A5708A /* NSObject+AOP.m in Sources */ = {isa = PBXBuildFile; fileRef = 986727711CBB81BC00A5708A /* NSObject+AOP.m */; };
		9867277E1CBB81BC00A5708A /* UINavigationController+ZHMonitor.m in Sources */ = {isa = PBXBuildFile; fileRef = 986727731CBB81BC00A5708A /* UINavigationController+ZHMonitor.m */; };
		9867277F1CBB81BC00A5708A /* UIView+ZHMonitor.m in Sources */ = {isa = PBXBuildFile; fileRef = 986727751CBB81BC00A5708A /* UIView+ZHMonitor.m */; };
		986727801CBB81BC00A5708A /* UIViewController+ZHMonitor.m in Sources */ = {isa = PBXBuildFile; fileRef = 986727771CBB81BC00A5708A /* UIViewController+ZHMonitor.m */; };
		986727811CBB81BC00A5708A /* ZHMonitorRequest.m in Sources */ = {isa = PBXBuildFile; fileRef = 9867277A1CBB81BC00A5708A /* ZHMonitorRequest.m */; };
		986727821CBB81BC00A5708A /* ZHUserMonitorManager.m in Sources */ = {isa = PBXBuildFile; fileRef = 9867277C1CBB81BC00A5708A /* ZHUserMonitorManager.m */; };
/* End PBXBuildFile section */

/* Begin PBXFileReference section */
		9867273E1CBB777800A5708A /* ZHMonitorDemo.app */ = {isa = PBXFileReference; explicitFileType = wrapper.application; includeInIndex = 0; path = ZHMonitorDemo.app; sourceTree = BUILT_PRODUCTS_DIR; };
		986727421CBB777800A5708A /* main.m */ = {isa = PBXFileReference; lastKnownFileType = sourcecode.c.objc; path = main.m; sourceTree = "<group>"; };
		986727441CBB777800A5708A /* AppDelegate.h */ = {isa = PBXFileReference; lastKnownFileType = sourcecode.c.h; path = AppDelegate.h; sourceTree = "<group>"; };
		986727451CBB777800A5708A /* AppDelegate.m */ = {isa = PBXFileReference; lastKnownFileType = sourcecode.c.objc; path = AppDelegate.m; sourceTree = "<group>"; };
		9867274B1CBB777800A5708A /* Base */ = {isa = PBXFileReference; lastKnownFileType = file.storyboard; name = Base; path = Base.lproj/Main.storyboard; sourceTree = "<group>"; };
		9867274D1CBB777800A5708A /* Assets.xcassets */ = {isa = PBXFileReference; lastKnownFileType = folder.assetcatalog; path = Assets.xcassets; sourceTree = "<group>"; };
		986727501CBB777800A5708A /* Base */ = {isa = PBXFileReference; lastKnownFileType = file.storyboard; name = Base; path = Base.lproj/LaunchScreen.storyboard; sourceTree = "<group>"; };
		986727521CBB777800A5708A /* Info.plist */ = {isa = PBXFileReference; lastKnownFileType = text.plist.xml; path = Info.plist; sourceTree = "<group>"; };
		986727701CBB81BC00A5708A /* NSObject+AOP.h */ = {isa = PBXFileReference; fileEncoding = 4; lastKnownFileType = sourcecode.c.h; path = "NSObject+AOP.h"; sourceTree = "<group>"; };
		986727711CBB81BC00A5708A /* NSObject+AOP.m */ = {isa = PBXFileReference; fileEncoding = 4; lastKnownFileType = sourcecode.c.objc; path = "NSObject+AOP.m"; sourceTree = "<group>"; };
		986727721CBB81BC00A5708A /* UINavigationController+ZHMonitor.h */ = {isa = PBXFileReference; fileEncoding = 4; lastKnownFileType = sourcecode.c.h; path = "UINavigationController+ZHMonitor.h"; sourceTree = "<group>"; };
		986727731CBB81BC00A5708A /* UINavigationController+ZHMonitor.m */ = {isa = PBXFileReference; fileEncoding = 4; lastKnownFileType = sourcecode.c.objc; path = "UINavigationController+ZHMonitor.m"; sourceTree = "<group>"; };
		986727741CBB81BC00A5708A /* UIView+ZHMonitor.h */ = {isa = PBXFileReference; fileEncoding = 4; lastKnownFileType = sourcecode.c.h; path = "UIView+ZHMonitor.h"; sourceTree = "<group>"; };
		986727751CBB81BC00A5708A /* UIView+ZHMonitor.m */ = {isa = PBXFileReference; fileEncoding = 4; lastKnownFileType = sourcecode.c.objc; path = "UIView+ZHMonitor.m"; sourceTree = "<group>"; };
		986727761CBB81BC00A5708A /* UIViewController+ZHMonitor.h */ = {isa = PBXFileReference; fileEncoding = 4; lastKnownFileType = sourcecode.c.h; path = "UIViewController+ZHMonitor.h"; sourceTree = "<group>"; };
		986727771CBB81BC00A5708A /* UIViewController+ZHMonitor.m */ = {isa = PBXFileReference; fileEncoding = 4; lastKnownFileType = sourcecode.c.objc; path = "UIViewController+ZHMonitor.m"; sourceTree = "<group>"; };
		986727781CBB81BC00A5708A /* ZHAnalysis.h */ = {isa = PBXFileReference; fileEncoding = 4; lastKnownFileType = sourcecode.c.h; path = ZHAnalysis.h; sourceTree = "<group>"; };
		986727791CBB81BC00A5708A /* ZHMonitorRequest.h */ = {isa = PBXFileReference; fileEncoding = 4; lastKnownFileType = sourcecode.c.h; path = ZHMonitorRequest.h; sourceTree = "<group>"; };
		9867277A1CBB81BC00A5708A /* ZHMonitorRequest.m */ = {isa = PBXFileReference; fileEncoding = 4; lastKnownFileType = sourcecode.c.objc; path = ZHMonitorRequest.m; sourceTree = "<group>"; };
		9867277B1CBB81BC00A5708A /* ZHUserMonitorManager.h */ = {isa = PBXFileReference; fileEncoding = 4; lastKnownFileType = sourcecode.c.h; path = ZHUserMonitorManager.h; sourceTree = "<group>"; };
		9867277C1CBB81BC00A5708A /* ZHUserMonitorManager.m */ = {isa = PBXFileReference; fileEncoding = 4; lastKnownFileType = sourcecode.c.objc; path = ZHUserMonitorManager.m; sourceTree = "<group>"; };
/* End PBXFileReference section */

/* Begin PBXFrameworksBuildPhase section */
		9867273B1CBB777800A5708A /* Frameworks */ = {
			isa = PBXFrameworksBuildPhase;
			buildActionMask = 2147483647;
			files = (
			);
			runOnlyForDeploymentPostprocessing = 0;
		};
/* End PBXFrameworksBuildPhase section */

/* Begin PBXGroup section */
		986727351CBB777800A5708A = {
			isa = PBXGroup;
			children = (
				986727401CBB777800A5708A /* ZHMonitorDemo */,
				9867273F1CBB777800A5708A /* Products */,
			);
			sourceTree = "<group>";
		};
		9867273F1CBB777800A5708A /* Products */ = {
			isa = PBXGroup;
			children = (
				9867273E1CBB777800A5708A /* ZHMonitorDemo.app */,
			);
			name = Products;
			sourceTree = "<group>";
		};
		986727401CBB777800A5708A /* ZHMonitorDemo */ = {
			isa = PBXGroup;
			children = (
				9867276F1CBB81BC00A5708A /* ZHMonitor */,
				986727441CBB777800A5708A /* AppDelegate.h */,
				986727451CBB777800A5708A /* AppDelegate.m */,
				9867274A1CBB777800A5708A /* Main.storyboard */,
				9867274D1CBB777800A5708A /* Assets.xcassets */,
				9867274F1CBB777800A5708A /* LaunchScreen.storyboard */,
				986727521CBB777800A5708A /* Info.plist */,
				986727411CBB777800A5708A /* Supporting Files */,
			);
			name = ZHMonitorDemo;
			path = ZHTraceDemo;
			sourceTree = "<group>";
		};
		986727411CBB777800A5708A /* Supporting Files */ = {
			isa = PBXGroup;
			children = (
				986727421CBB777800A5708A /* main.m */,
			);
			name = "Supporting Files";
			sourceTree = "<group>";
		};
		9867276F1CBB81BC00A5708A /* ZHMonitor */ = {
			isa = PBXGroup;
			children = (
				986727701CBB81BC00A5708A /* NSObject+AOP.h */,
				986727711CBB81BC00A5708A /* NSObject+AOP.m */,
				986727721CBB81BC00A5708A /* UINavigationController+ZHMonitor.h */,
				986727731CBB81BC00A5708A /* UINavigationController+ZHMonitor.m */,
				986727741CBB81BC00A5708A /* UIView+ZHMonitor.h */,
				986727751CBB81BC00A5708A /* UIView+ZHMonitor.m */,
				986727761CBB81BC00A5708A /* UIViewController+ZHMonitor.h */,
				986727771CBB81BC00A5708A /* UIViewController+ZHMonitor.m */,
				986727781CBB81BC00A5708A /* ZHAnalysis.h */,
				986727791CBB81BC00A5708A /* ZHMonitorRequest.h */,
				9867277A1CBB81BC00A5708A /* ZHMonitorRequest.m */,
				9867277B1CBB81BC00A5708A /* ZHUserMonitorManager.h */,
				9867277C1CBB81BC00A5708A /* ZHUserMonitorManager.m */,
			);
			path = ZHMonitor;
			sourceTree = "<group>";
		};
/* End PBXGroup section */

/* Begin PBXNativeTarget section */
		9867273D1CBB777800A5708A /* ZHMonitorDemo */ = {
			isa = PBXNativeTarget;
			buildConfigurationList = 986727551CBB777800A5708A /* Build configuration list for PBXNativeTarget "ZHMonitorDemo" */;
			buildPhases = (
				9867273A1CBB777800A5708A /* Sources */,
				9867273B1CBB777800A5708A /* Frameworks */,
				9867273C1CBB777800A5708A /* Resources */,
			);
			buildRules = (
			);
			dependencies = (
			);
			name = ZHMonitorDemo;
			productName = ZHTraceDemo;
			productReference = 9867273E1CBB777800A5708A /* ZHMonitorDemo.app */;
			productType = "com.apple.product-type.application";
		};
/* End PBXNativeTarget section */

/* Begin PBXProject section */
		986727361CBB777800A5708A /* Project object */ = {
			isa = PBXProject;
			attributes = {
				LastUpgradeCheck = 0720;
				ORGANIZATIONNAME = Aaron;
				TargetAttributes = {
					9867273D1CBB777800A5708A = {
						CreatedOnToolsVersion = 7.2;
					};
				};
			};
			buildConfigurationList = 986727391CBB777800A5708A /* Build configuration list for PBXProject "ZHMonitorDemo" */;
			compatibilityVersion = "Xcode 3.2";
			developmentRegion = English;
			hasScannedForEncodings = 0;
			knownRegions = (
				en,
				Base,
			);
			mainGroup = 986727351CBB777800A5708A;
			productRefGroup = 9867273F1CBB777800A5708A /* Products */;
			projectDirPath = "";
			projectRoot = "";
			targets = (
				9867273D1CBB777800A5708A /* ZHMonitorDemo */,
			);
		};
/* End PBXProject section */

/* Begin PBXResourcesBuildPhase section */
		9867273C1CBB777800A5708A /* Resources */ = {
			isa = PBXResourcesBuildPhase;
			buildActionMask = 2147483647;
			files = (
				986727511CBB777800A5708A /* LaunchScreen.storyboard in Resources */,
				9867274E1CBB777800A5708A /* Assets.xcassets in Resources */,
				9867274C1CBB777800A5708A /* Main.storyboard in Resources */,
			);
			runOnlyForDeploymentPostprocessing = 0;
		};
/* End PBXResourcesBuildPhase section */

/* Begin PBXSourcesBuildPhase section */
		9867273A1CBB777800A5708A /* Sources */ = {
			isa = PBXSourcesBuildPhase;
			buildActionMask = 2147483647;
			files = (
				9867277E1CBB81BC00A5708A /* UINavigationController+ZHMonitor.m in Sources */,
				9867277F1CBB81BC00A5708A /* UIView+ZHMonitor.m in Sources */,
				986727461CBB777800A5708A /* AppDelegate.m in Sources */,
				9867277D1CBB81BC00A5708A /* NSObject+AOP.m in Sources */,
				986727431CBB777800A5708A /* main.m in Sources */,
				986727821CBB81BC00A5708A /* ZHUserMonitorManager.m in Sources */,
				986727801CBB81BC00A5708A /* UIViewController+ZHMonitor.m in Sources */,
				986727811CBB81BC00A5708A /* ZHMonitorRequest.m in Sources */,
			);
			runOnlyForDeploymentPostprocessing = 0;
		};
/* End PBXSourcesBuildPhase section */

/* Begin PBXVariantGroup section */
		9867274A1CBB777800A5708A /* Main.storyboard */ = {
			isa = PBXVariantGroup;
			children = (
				9867274B1CBB777800A5708A /* Base */,
			);
			name = Main.storyboard;
			sourceTree = "<group>";
		};
		9867274F1CBB777800A5708A /* LaunchScreen.storyboard */ = {
			isa = PBXVariantGroup;
			children = (
				986727501CBB777800A5708A /* Base */,
			);
			name = LaunchScreen.storyboard;
			sourceTree = "<group>";
		};
/* End PBXVariantGroup section */

/* Begin XCBuildConfiguration section */
		986727531CBB777800A5708A /* Debug */ = {
			isa = XCBuildConfiguration;
			buildSettings = {
				ALWAYS_SEARCH_USER_PATHS = NO;
				CLANG_CXX_LANGUAGE_STANDARD = "gnu++0x";
				CLANG_CXX_LIBRARY = "libc++";
				CLANG_ENABLE_MODULES = YES;
				CLANG_ENABLE_OBJC_ARC = YES;
				CLANG_WARN_BOOL_CONVERSION = YES;
				CLANG_WARN_CONSTANT_CONVERSION = YES;
				CLANG_WARN_DIRECT_OBJC_ISA_USAGE = YES_ERROR;
				CLANG_WARN_EMPTY_BODY = YES;
				CLANG_WARN_ENUM_CONVERSION = YES;
				CLANG_WARN_INT_CONVERSION = YES;
				CLANG_WARN_OBJC_ROOT_CLASS = YES_ERROR;
				CLANG_WARN_UNREACHABLE_CODE = YES;
				CLANG_WARN__DUPLICATE_METHOD_MATCH = YES;
				"CODE_SIGN_IDENTITY[sdk=iphoneos*]" = "iPhone Developer";
				COPY_PHASE_STRIP = NO;
				DEBUG_INFORMATION_FORMAT = dwarf;
				ENABLE_STRICT_OBJC_MSGSEND = YES;
				ENABLE_TESTABILITY = YES;
				GCC_C_LANGUAGE_STANDARD = gnu99;
				GCC_DYNAMIC_NO_PIC = NO;
				GCC_NO_COMMON_BLOCKS = YES;
				GCC_OPTIMIZATION_LEVEL = 0;
				GCC_PREPROCESSOR_DEFINITIONS = (
					"DEBUG=1",
					"$(inherited)",
				);
				GCC_WARN_64_TO_32_BIT_CONVERSION = YES;
				GCC_WARN_ABOUT_RETURN_TYPE = YES_ERROR;
				GCC_WARN_UNDECLARED_SELECTOR = YES;
				GCC_WARN_UNINITIALIZED_AUTOS = YES_AGGRESSIVE;
				GCC_WARN_UNUSED_FUNCTION = YES;
				GCC_WARN_UNUSED_VARIABLE = YES;
				IPHONEOS_DEPLOYMENT_TARGET = 9.2;
				MTL_ENABLE_DEBUG_INFO = YES;
				ONLY_ACTIVE_ARCH = YES;
				SDKROOT = iphoneos;
				TARGETED_DEVICE_FAMILY = "1,2";
			};
			name = Debug;
		};
		986727541CBB777800A5708A /* Release */ = {
			isa = XCBuildConfiguration;
			buildSettings = {
				ALWAYS_SEARCH_USER_PATHS = NO;
				CLANG_CXX_LANGUAGE_STANDARD = "gnu++0x";
				CLANG_CXX_LIBRARY = "libc++";
				CLANG_ENABLE_MODULES = YES;
				CLANG_ENABLE_OBJC_ARC = YES;
				CLANG_WARN_BOOL_CONVERSION = YES;
				CLANG_WARN_CONSTANT_CONVERSION = YES;
				CLANG_WARN_DIRECT_OBJC_ISA_USAGE = YES_ERROR;
				CLANG_WARN_EMPTY_BODY = YES;
				CLANG_WARN_ENUM_CONVERSION = YES;
				CLANG_WARN_INT_CONVERSION = YES;
				CLANG_WARN_OBJC_ROOT_CLASS = YES_ERROR;
				CLANG_WARN_UNREACHABLE_CODE = YES;
				CLANG_WARN__DUPLICATE_METHOD_MATCH = YES;
				"CODE_SIGN_IDENTITY[sdk=iphoneos*]" = "iPhone Developer";
				COPY_PHASE_STRIP = NO;
				DEBUG_INFORMATION_FORMAT = "dwarf-with-dsym";
				ENABLE_NS_ASSERTIONS = NO;
				ENABLE_STRICT_OBJC_MSGSEND = YES;
				GCC_C_LANGUAGE_STANDARD = gnu99;
				GCC_NO_COMMON_BLOCKS = YES;
				GCC_WARN_64_TO_32_BIT_CONVERSION = YES;
				GCC_WARN_ABOUT_RETURN_TYPE = YES_ERROR;
				GCC_WARN_UNDECLARED_SELECTOR = YES;
				GCC_WARN_UNINITIALIZED_AUTOS = YES_AGGRESSIVE;
				GCC_WARN_UNUSED_FUNCTION = YES;
				GCC_WARN_UNUSED_VARIABLE = YES;
				IPHONEOS_DEPLOYMENT_TARGET = 9.2;
				MTL_ENABLE_DEBUG_INFO = NO;
				SDKROOT = iphoneos;
				TARGETED_DEVICE_FAMILY = "1,2";
				VALIDATE_PRODUCT = YES;
			};
			name = Release;
		};
		986727561CBB777800A5708A /* Debug */ = {
			isa = XCBuildConfiguration;
			buildSettings = {
				ASSETCATALOG_COMPILER_APPICON_NAME = AppIcon;
				INFOPLIST_FILE = ZHTraceDemo/Info.plist;
				LD_RUNPATH_SEARCH_PATHS = "$(inherited) @executable_path/Frameworks";
				PRODUCT_BUNDLE_IDENTIFIER = AppariTT.ZHTraceDemo;
				PRODUCT_NAME = ZHMonitorDemo;
			};
			name = Debug;
		};
		986727571CBB777800A5708A /* Release */ = {
			isa = XCBuildConfiguration;
			buildSettings = {
				ASSETCATALOG_COMPILER_APPICON_NAME = AppIcon;
				INFOPLIST_FILE = ZHTraceDemo/Info.plist;
				LD_RUNPATH_SEARCH_PATHS = "$(inherited) @executable_path/Frameworks";
				PRODUCT_BUNDLE_IDENTIFIER = AppariTT.ZHTraceDemo;
				PRODUCT_NAME = ZHMonitorDemo;
			};
			name = Release;
		};
/* End XCBuildConfiguration section */

/* Begin XCConfigurationList section */
		986727391CBB777800A5708A /* Build configuration list for PBXProject "ZHMonitorDemo" */ = {
			isa = XCConfigurationList;
			buildConfigurations = (
				986727531CBB777800A5708A /* Debug */,
				986727541CBB777800A5708A /* Release */,
			);
			defaultConfigurationIsVisible = 0;
			defaultConfigurationName = Release;
		};
		986727551CBB777800A5708A /* Build configuration list for PBXNativeTarget "ZHMonitorDemo" */ = {
			isa = XCConfigurationList;
			buildConfigurations = (
				986727561CBB777800A5708A /* Debug */,
				986727571CBB777800A5708A /* Release */,
			);
			defaultConfigurationIsVisible = 0;
		};
/* End XCConfigurationList section */
	};
	rootObject = 986727361CBB777800A5708A /* Project object */;
}
